github.com/anaseto/gruid-js v0.0.0-20210219090213-925b5ca6c05c h1:HUiNlw1Rq5FN7PG3lEJniBR29C+Nod9LYTSVsPSa9/o=
github.com/anaseto/gruid-js v0.0.0-20210219090213-925b5ca6c05c/go.mod h1:d6oTUr9uMFlHu7OUojckgMmpltLcTq4oTpGEzTDVFH8=
github.com/anaseto/gruid-sdl v0.0.0-20210219091043-4a7123519777 h1:AC3lcUVgWqnSgHhEGQF9GQyKYQx33Lz6FY8ZfBxNikM=
github.com/anaseto/gruid-sdl v0.0.0-20210219091043-4a7123519777/go.mod h1:gqKUZ1ow2gbM5tf68P3BDK4lYFeCxxN/TwXeyq4ta+8=
github.com/anaseto/gruid-tcell v0.0.0-20210219092220-caa123b82096 h1:zpOkUQ6NPXe4sznjAyc44zLeS6zr8AIAIAcmpksWsTo=
github.com/anaseto/gruid-tcell v0.0.0-20210219092220-caa123b82096/go.mod h1:itEv5ruMnJXOHLSxn4Izd4ArY/qHgMtrPFs6Xu5wTnw=
github.com/gdamore/encoding v1.0.0 h1:+7OoQ1Bc6eTm5niUzBa0Ctsh6JbMW6Ra+YNuAtDBdko=
github.com/gdamore/encoding v1.0.0/go.mod h1:alR0ol34c49FCSBLjhosxzcPHQbf2trDkoo5dl+VrEg=
github.com/gdamore/tcell/v2 v2.1.0 h1:UnSmozHgBkQi2PGsFr+rpdXuAPRRucMegpQp3Z3kDro=
github.com/gdamore/tcell/v2 v2.1.0/go.mod h1:vSVL/GV5mCSlPC6thFP5kfOFdM9MGZcalipmpTxTgQA=
github.com/lucasb-eyer/go-colorful v1.0.3 h1:QIbQXiugsb+q10B+MI+7DI1oQLdmnep86tWFlaaUAac=
github.com/lucasb-eyer/go-colorful v1.0.3/go.mod h1:R4dSotOR9KMtayYi1e77YzuveK+i7ruzyGqttikkLy0=
github.com/mattn/go-runewidth v0.0.7 h1:Ei8KR0497xHyKJPAv59M1dkC+rOZCMBJ+t3fZ+twI54=
github.com/mattn/go-runewidth v0.0.7/go.mod h1:H031xJmbD/WCDINGzjvQ9THkh0rPKHF+m2gUSrubnMI=
github.com/veandco/go-sdl2 v0.4.5 h1:GFIjMabK7y2XWpr9sGvN7RDKHt7vrA7XPTUW60eOw+Y=
github.com/veandco/go-sdl2 v0.4.5/go.mod h1:OROqMhHD43nT4/i9crJukyVecjPNYYuCofep6SNiAjY=
golang.org/x/image v0.0.0-20201208152932-35266b937fa6/go.mod h1:FeLwcggjj3mMvU+oOTbSwawSJRM1uh48EjtB4UJZlP0=
golang.org/x/image v0.0.0-20210216034530-4410531fe030 h1:lP9pYkih3DUSC641giIXa2XqfTIbbbRr0w2EOTA7wHA=
golang.org/x/image v0.0.0-20210216034530-4410531fe030/go.mod h1:FeLwcggjj3mMvU+oOTbSwawSJRM1uh48EjtB4UJZlP0=
golang.org/x/sys v0.0.0-20190626150813-e07cf5db2756 h1:9nuHUbU8dRnRRfj9KjWUVrJeoexdbeMjttk6Oh1rD10=
golang.org/x/sys v0.0.0-20190626150813-e07cf5db2756/go.mod h1:h1NjWce9XRLGQEsW7wpKNCjG9DtNlClVuFLEZdDNbEs=
golang.org/x/text v0.3.0 h1:g61tztE5qeGQ89tm6NTjjM9VPIm088od1l6aSorWRWg=
golang.org/x/text v0.3.0/go.mod h1:NqM8EUOU14njkJ3fqMW+pc6Ldnwhi/IjpwHt7yyuwOQ=
